
Microsoft Visual Studio Solution File, Format Version 12.00
# Visual Studio Version 17
VisualStudioVersion = 17.8.34330.188
MinimumVisualStudioVersion = 10.0.40219.1
Project("{FAE04EC0-301F-11D3-BF4B-00C04F79EFBC}") = "DoAnLTW", "DoAnLTW\DoAnLTW.csproj", "{8DE13BA4-A356-44DA-A830-E357882C99B7}"
EndProject
Global
	GlobalSection(SolutionConfigurationPlatforms) = preSolution
		Debug|Any CPU = Debug|Any CPU
		Release|Any CPU = Release|Any CPU
	EndGlobalSection
	GlobalSection(ProjectConfigurationPlatforms) = postSolution
		{8DE13BA4-A356-44DA-A830-E357882C99B7}.Debug|Any CPU.ActiveCfg = Debug|Any CPU
		{8DE13BA4-A356-44DA-A830-E357882C99B7}.Debug|Any CPU.Build.0 = Debug|Any CPU
		{8DE13BA4-A356-44DA-A830-E357882C99B7}.Release|Any CPU.ActiveCfg = Release|Any CPU
		{8DE13BA4-A356-44DA-A830-E357882C99B7}.Release|Any CPU.Build.0 = Release|Any CPU
	EndGlobalSection
	GlobalSection(SolutionProperties) = preSolution
		HideSolutionNode = FALSE
	EndGlobalSection
	GlobalSection(ExtensibilityGlobals) = postSolution
		SolutionGuid = {DD8377BC-53FD-4D9F-9B38-0AEAD89FBB2C}
	EndGlobalSection
EndGlobal
